// !$*UTF8*$!
{
	archiveVersion = 1;
	classes = {
	};
	objectVersion = 56;
	objects = {

/* Begin PBXBuildFile section */
		CD5A14A5288596F500EA2C61 /* CreateProfileTextfieldStyle.swift in Sources */ = {isa = PBXBuildFile; fileRef = CD5A14A4288596F500EA2C61 /* CreateProfileTextfieldStyle.swift */; };
		CD68F52F287F56CB001781DB /* TelarApp.swift in Sources */ = {isa = PBXBuildFile; fileRef = CD68F52E287F56CB001781DB /* TelarApp.swift */; };
		CD68F531287F56CB001781DB /* RootView.swift in Sources */ = {isa = PBXBuildFile; fileRef = CD68F530287F56CB001781DB /* RootView.swift */; };
		CD68F533287F56CD001781DB /* Assets.xcassets in Resources */ = {isa = PBXBuildFile; fileRef = CD68F532287F56CD001781DB /* Assets.xcassets */; };
		CD68F537287F56CD001781DB /* Preview Assets.xcassets in Resources */ = {isa = PBXBuildFile; fileRef = CD68F536287F56CD001781DB /* Preview Assets.xcassets */; };
		CD68F546287F5B59001781DB /* LexendDeca-Bold.ttf in Resources */ = {isa = PBXBuildFile; fileRef = CD68F543287F5B58001781DB /* LexendDeca-Bold.ttf */; };
		CD68F547287F5B59001781DB /* LexendDeca-SemiBold.ttf in Resources */ = {isa = PBXBuildFile; fileRef = CD68F544287F5B59001781DB /* LexendDeca-SemiBold.ttf */; };
		CD68F548287F5B59001781DB /* LexendDeca-Regular.ttf in Resources */ = {isa = PBXBuildFile; fileRef = CD68F545287F5B59001781DB /* LexendDeca-Regular.ttf */; };
		CD68F54B287F5E0B001781DB /* Fonts.swift in Sources */ = {isa = PBXBuildFile; fileRef = CD68F54A287F5E0B001781DB /* Fonts.swift */; };
		CD928CCC28A40992005A97A6 /* User.swift in Sources */ = {isa = PBXBuildFile; fileRef = CD928CCB28A40992005A97A6 /* User.swift */; };
		CD928CCE28A455A1005A97A6 /* DatabaseService.swift in Sources */ = {isa = PBXBuildFile; fileRef = CD928CCD28A455A1005A97A6 /* DatabaseService.swift */; };
		CD928CD028A456A3005A97A6 /* TextHelper.swift in Sources */ = {isa = PBXBuildFile; fileRef = CD928CCF28A456A3005A97A6 /* TextHelper.swift */; };
		CD9FB54228A540540056BFBE /* ImagePicker.swift in Sources */ = {isa = PBXBuildFile; fileRef = CD9FB54128A540540056BFBE /* ImagePicker.swift */; };
		CDA05DF12881A4D2000CF80B /* WelcomeView.swift in Sources */ = {isa = PBXBuildFile; fileRef = CDA05DF02881A4D2000CF80B /* WelcomeView.swift */; };
		CDA05DF32881A4E0000CF80B /* PhoneNumberView.swift in Sources */ = {isa = PBXBuildFile; fileRef = CDA05DF22881A4E0000CF80B /* PhoneNumberView.swift */; };
		CDA05DF52881A4EA000CF80B /* VerificationView.swift in Sources */ = {isa = PBXBuildFile; fileRef = CDA05DF42881A4EA000CF80B /* VerificationView.swift */; };
		CDA05DF72881A4F9000CF80B /* CreateProfileView.swift in Sources */ = {isa = PBXBuildFile; fileRef = CDA05DF62881A4F9000CF80B /* CreateProfileView.swift */; };
		CDA05DF92881A50B000CF80B /* SyncContactsView.swift in Sources */ = {isa = PBXBuildFile; fileRef = CDA05DF82881A50B000CF80B /* SyncContactsView.swift */; };
		CDA05DFB2881ABB4000CF80B /* OnboardingButtonStyle.swift in Sources */ = {isa = PBXBuildFile; fileRef = CDA05DFA2881ABB4000CF80B /* OnboardingButtonStyle.swift */; };
		CDAB7615288D4D6300056A23 /* ContactsViewModel.swift in Sources */ = {isa = PBXBuildFile; fileRef = CDAB7614288D4D6300056A23 /* ContactsViewModel.swift */; };
		CDB12F842880508B00159B4D /* CustomTabBar.swift in Sources */ = {isa = PBXBuildFile; fileRef = CDB12F832880508B00159B4D /* CustomTabBar.swift */; };
		CDB12F862880565C00159B4D /* TabBarButton.swift in Sources */ = {isa = PBXBuildFile; fileRef = CDB12F852880565C00159B4D /* TabBarButton.swift */; };
		CDB12F8828805E3600159B4D /* GoogleService-Info.plist in Resources */ = {isa = PBXBuildFile; fileRef = CDB12F8728805E3600159B4D /* GoogleService-Info.plist */; };
		CDB12F8B28805F6900159B4D /* FirebaseAnalytics in Frameworks */ = {isa = PBXBuildFile; productRef = CDB12F8A28805F6900159B4D /* FirebaseAnalytics */; };
		CDB12F8D28805F6900159B4D /* FirebaseAuth in Frameworks */ = {isa = PBXBuildFile; productRef = CDB12F8C28805F6900159B4D /* FirebaseAuth */; };
		CDB12F8F28805F6900159B4D /* FirebaseFirestore in Frameworks */ = {isa = PBXBuildFile; productRef = CDB12F8E28805F6900159B4D /* FirebaseFirestore */; };
		CDB12F9128805F6900159B4D /* FirebaseFirestoreSwift in Frameworks */ = {isa = PBXBuildFile; productRef = CDB12F9028805F6900159B4D /* FirebaseFirestoreSwift */; };
		CDB12F9328805F6900159B4D /* FirebaseStorage in Frameworks */ = {isa = PBXBuildFile; productRef = CDB12F9228805F6900159B4D /* FirebaseStorage */; };
		CDB12F952880625600159B4D /* AppDelegate.swift in Sources */ = {isa = PBXBuildFile; fileRef = CDB12F942880625600159B4D /* AppDelegate.swift */; };
		CDB12F972880A99A00159B4D /* AuthViewModel.swift in Sources */ = {isa = PBXBuildFile; fileRef = CDB12F962880A99A00159B4D /* AuthViewModel.swift */; };
		CDB12F9A2880B10900159B4D /* OnboardingContainerView.swift in Sources */ = {isa = PBXBuildFile; fileRef = CDB12F992880B10900159B4D /* OnboardingContainerView.swift */; };
/* End PBXBuildFile section */

/* Begin PBXFileReference section */
		CD5A14A4288596F500EA2C61 /* CreateProfileTextfieldStyle.swift */ = {isa = PBXFileReference; lastKnownFileType = sourcecode.swift; path = CreateProfileTextfieldStyle.swift; sourceTree = "<group>"; };
		CD68F52B287F56CB001781DB /* Telar.app */ = {isa = PBXFileReference; explicitFileType = wrapper.application; includeInIndex = 0; path = Telar.app; sourceTree = BUILT_PRODUCTS_DIR; };
		CD68F52E287F56CB001781DB /* TelarApp.swift */ = {isa = PBXFileReference; lastKnownFileType = sourcecode.swift; path = TelarApp.swift; sourceTree = "<group>"; };
		CD68F530287F56CB001781DB /* RootView.swift */ = {isa = PBXFileReference; lastKnownFileType = sourcecode.swift; path = RootView.swift; sourceTree = "<group>"; };
		CD68F532287F56CD001781DB /* Assets.xcassets */ = {isa = PBXFileReference; lastKnownFileType = folder.assetcatalog; path = Assets.xcassets; sourceTree = "<group>"; };
		CD68F534287F56CD001781DB /* Telar.entitlements */ = {isa = PBXFileReference; lastKnownFileType = text.plist.entitlements; path = Telar.entitlements; sourceTree = "<group>"; };
		CD68F536287F56CD001781DB /* Preview Assets.xcassets */ = {isa = PBXFileReference; lastKnownFileType = folder.assetcatalog; path = "Preview Assets.xcassets"; sourceTree = "<group>"; };
		CD68F543287F5B58001781DB /* LexendDeca-Bold.ttf */ = {isa = PBXFileReference; lastKnownFileType = file; path = "LexendDeca-Bold.ttf"; sourceTree = "<group>"; };
		CD68F544287F5B59001781DB /* LexendDeca-SemiBold.ttf */ = {isa = PBXFileReference; lastKnownFileType = file; path = "LexendDeca-SemiBold.ttf"; sourceTree = "<group>"; };
		CD68F545287F5B59001781DB /* LexendDeca-Regular.ttf */ = {isa = PBXFileReference; lastKnownFileType = file; path = "LexendDeca-Regular.ttf"; sourceTree = "<group>"; };
		CD68F549287F5C38001781DB /* Info.plist */ = {isa = PBXFileReference; lastKnownFileType = text.plist; path = Info.plist; sourceTree = "<group>"; };
		CD68F54A287F5E0B001781DB /* Fonts.swift */ = {isa = PBXFileReference; lastKnownFileType = sourcecode.swift; path = Fonts.swift; sourceTree = "<group>"; };
		CD928CCB28A40992005A97A6 /* User.swift */ = {isa = PBXFileReference; lastKnownFileType = sourcecode.swift; path = User.swift; sourceTree = "<group>"; };
		CD928CCD28A455A1005A97A6 /* DatabaseService.swift */ = {isa = PBXFileReference; lastKnownFileType = sourcecode.swift; path = DatabaseService.swift; sourceTree = "<group>"; };
		CD928CCF28A456A3005A97A6 /* TextHelper.swift */ = {isa = PBXFileReference; lastKnownFileType = sourcecode.swift; path = TextHelper.swift; sourceTree = "<group>"; };
		CD9FB54128A540540056BFBE /* ImagePicker.swift */ = {isa = PBXFileReference; lastKnownFileType = sourcecode.swift; path = ImagePicker.swift; sourceTree = "<group>"; };
		CDA05DF02881A4D2000CF80B /* WelcomeView.swift */ = {isa = PBXFileReference; lastKnownFileType = sourcecode.swift; path = WelcomeView.swift; sourceTree = "<group>"; };
		CDA05DF22881A4E0000CF80B /* PhoneNumberView.swift */ = {isa = PBXFileReference; lastKnownFileType = sourcecode.swift; path = PhoneNumberView.swift; sourceTree = "<group>"; };
		CDA05DF42881A4EA000CF80B /* VerificationView.swift */ = {isa = PBXFileReference; lastKnownFileType = sourcecode.swift; path = VerificationView.swift; sourceTree = "<group>"; };
		CDA05DF62881A4F9000CF80B /* CreateProfileView.swift */ = {isa = PBXFileReference; lastKnownFileType = sourcecode.swift; path = CreateProfileView.swift; sourceTree = "<group>"; };
		CDA05DF82881A50B000CF80B /* SyncContactsView.swift */ = {isa = PBXFileReference; lastKnownFileType = sourcecode.swift; path = SyncContactsView.swift; sourceTree = "<group>"; };
		CDA05DFA2881ABB4000CF80B /* OnboardingButtonStyle.swift */ = {isa = PBXFileReference; lastKnownFileType = sourcecode.swift; path = OnboardingButtonStyle.swift; sourceTree = "<group>"; };
		CDAB7614288D4D6300056A23 /* ContactsViewModel.swift */ = {isa = PBXFileReference; lastKnownFileType = sourcecode.swift; path = ContactsViewModel.swift; sourceTree = "<group>"; };
		CDB12F832880508B00159B4D /* CustomTabBar.swift */ = {isa = PBXFileReference; lastKnownFileType = sourcecode.swift; path = CustomTabBar.swift; sourceTree = "<group>"; };
		CDB12F852880565C00159B4D /* TabBarButton.swift */ = {isa = PBXFileReference; lastKnownFileType = sourcecode.swift; path = TabBarButton.swift; sourceTree = "<group>"; };
		CDB12F8728805E3600159B4D /* GoogleService-Info.plist */ = {isa = PBXFileReference; fileEncoding = 4; lastKnownFileType = text.plist.xml; path = "GoogleService-Info.plist"; sourceTree = "<group>"; };
		CDB12F942880625600159B4D /* AppDelegate.swift */ = {isa = PBXFileReference; lastKnownFileType = sourcecode.swift; path = AppDelegate.swift; sourceTree = "<group>"; };
		CDB12F962880A99A00159B4D /* AuthViewModel.swift */ = {isa = PBXFileReference; lastKnownFileType = sourcecode.swift; path = AuthViewModel.swift; sourceTree = "<group>"; };
		CDB12F992880B10900159B4D /* OnboardingContainerView.swift */ = {isa = PBXFileReference; lastKnownFileType = sourcecode.swift; path = OnboardingContainerView.swift; sourceTree = "<group>"; };
/* End PBXFileReference section */

/* Begin PBXFrameworksBuildPhase section */
		CD68F528287F56CB001781DB /* Frameworks */ = {
			isa = PBXFrameworksBuildPhase;
			buildActionMask = 2147483647;
			files = (
				CDB12F8B28805F6900159B4D /* FirebaseAnalytics in Frameworks */,
				CDB12F8D28805F6900159B4D /* FirebaseAuth in Frameworks */,
				CDB12F8F28805F6900159B4D /* FirebaseFirestore in Frameworks */,
				CDB12F9328805F6900159B4D /* FirebaseStorage in Frameworks */,
				CDB12F9128805F6900159B4D /* FirebaseFirestoreSwift in Frameworks */,
			);
			runOnlyForDeploymentPostprocessing = 0;
		};
/* End PBXFrameworksBuildPhase section */

/* Begin PBXGroup section */
		CD68F522287F56CB001781DB = {
			isa = PBXGroup;
			children = (
				CD68F52D287F56CB001781DB /* Telar */,
				CD68F52C287F56CB001781DB /* Products */,
			);
			sourceTree = "<group>";
		};
		CD68F52C287F56CB001781DB /* Products */ = {
			isa = PBXGroup;
			children = (
				CD68F52B287F56CB001781DB /* Telar.app */,
			);
			name = Products;
			sourceTree = "<group>";
		};
		CD68F52D287F56CB001781DB /* Telar */ = {
			isa = PBXGroup;
			children = (
				CDB12F8728805E3600159B4D /* GoogleService-Info.plist */,
				CD68F549287F5C38001781DB /* Info.plist */,
				CDB12F942880625600159B4D /* AppDelegate.swift */,
				CD68F52E287F56CB001781DB /* TelarApp.swift */,
				CD68F53D287F574A001781DB /* Views */,
				CD68F53E287F5752001781DB /* View Models */,
				CD68F53F287F576E001781DB /* Models */,
				CD68F541287F577F001781DB /* Helpers */,
				CD68F540287F5775001781DB /* Services */,
				CD68F542287F5786001781DB /* Fonts */,
				CD68F532287F56CD001781DB /* Assets.xcassets */,
				CD68F534287F56CD001781DB /* Telar.entitlements */,
				CD68F535287F56CD001781DB /* Preview Content */,
			);
			path = Telar;
			sourceTree = "<group>";
		};
		CD68F535287F56CD001781DB /* Preview Content */ = {
			isa = PBXGroup;
			children = (
				CD68F536287F56CD001781DB /* Preview Assets.xcassets */,
			);
			path = "Preview Content";
			sourceTree = "<group>";
		};
		CD68F53D287F574A001781DB /* Views */ = {
			isa = PBXGroup;
			children = (
				CD68F530287F56CB001781DB /* RootView.swift */,
				CDB12F982880B0C700159B4D /* Onboarding */,
				CDB12F822880504700159B4D /* Custom TabBar */,
			);
			path = Views;
			sourceTree = "<group>";
		};
		CD68F53E287F5752001781DB /* View Models */ = {
			isa = PBXGroup;
			children = (
				CDB12F962880A99A00159B4D /* AuthViewModel.swift */,
				CDAB7614288D4D6300056A23 /* ContactsViewModel.swift */,
			);
			path = "View Models";
			sourceTree = "<group>";
		};
		CD68F53F287F576E001781DB /* Models */ = {
			isa = PBXGroup;
			children = (
				CD928CCB28A40992005A97A6 /* User.swift */,
			);
			path = Models;
			sourceTree = "<group>";
		};
		CD68F540287F5775001781DB /* Services */ = {
			isa = PBXGroup;
			children = (
				CD928CCD28A455A1005A97A6 /* DatabaseService.swift */,
			);
			path = Services;
			sourceTree = "<group>";
		};
		CD68F541287F577F001781DB /* Helpers */ = {
			isa = PBXGroup;
			children = (
				CD68F54A287F5E0B001781DB /* Fonts.swift */,
				CDA05DFA2881ABB4000CF80B /* OnboardingButtonStyle.swift */,
				CD5A14A4288596F500EA2C61 /* CreateProfileTextfieldStyle.swift */,
				CD928CCF28A456A3005A97A6 /* TextHelper.swift */,
			);
			path = Helpers;
			sourceTree = "<group>";
		};
		CD68F542287F5786001781DB /* Fonts */ = {
			isa = PBXGroup;
			children = (
				CD68F543287F5B58001781DB /* LexendDeca-Bold.ttf */,
				CD68F545287F5B59001781DB /* LexendDeca-Regular.ttf */,
				CD68F544287F5B59001781DB /* LexendDeca-SemiBold.ttf */,
			);
			path = Fonts;
			sourceTree = "<group>";
		};
		CDB12F822880504700159B4D /* Custom TabBar */ = {
			isa = PBXGroup;
			children = (
				CDB12F832880508B00159B4D /* CustomTabBar.swift */,
				CDB12F852880565C00159B4D /* TabBarButton.swift */,
			);
			path = "Custom TabBar";
			sourceTree = "<group>";
		};
		CDB12F982880B0C700159B4D /* Onboarding */ = {
			isa = PBXGroup;
			children = (
				CDB12F992880B10900159B4D /* OnboardingContainerView.swift */,
				CDA05DF02881A4D2000CF80B /* WelcomeView.swift */,
				CDA05DF22881A4E0000CF80B /* PhoneNumberView.swift */,
				CDA05DF42881A4EA000CF80B /* VerificationView.swift */,
				CDA05DF62881A4F9000CF80B /* CreateProfileView.swift */,
				CDA05DF82881A50B000CF80B /* SyncContactsView.swift */,
				CD9FB54128A540540056BFBE /* ImagePicker.swift */,
			);
			path = Onboarding;
			sourceTree = "<group>";
		};
/* End PBXGroup section */

/* Begin PBXNativeTarget section */
		CD68F52A287F56CB001781DB /* Telar */ = {
			isa = PBXNativeTarget;
			buildConfigurationList = CD68F53A287F56CD001781DB /* Build configuration list for PBXNativeTarget "Telar" */;
			buildPhases = (
				CD68F527287F56CB001781DB /* Sources */,
				CD68F528287F56CB001781DB /* Frameworks */,
				CD68F529287F56CB001781DB /* Resources */,
			);
			buildRules = (
			);
			dependencies = (
			);
			name = Telar;
			packageProductDependencies = (
				CDB12F8A28805F6900159B4D /* FirebaseAnalytics */,
				CDB12F8C28805F6900159B4D /* FirebaseAuth */,
				CDB12F8E28805F6900159B4D /* FirebaseFirestore */,
				CDB12F9028805F6900159B4D /* FirebaseFirestoreSwift */,
				CDB12F9228805F6900159B4D /* FirebaseStorage */,
			);
			productName = Telar;
			productReference = CD68F52B287F56CB001781DB /* Telar.app */;
			productType = "com.apple.product-type.application";
		};
/* End PBXNativeTarget section */

/* Begin PBXProject section */
		CD68F523287F56CB001781DB /* Project object */ = {
			isa = PBXProject;
			attributes = {
				BuildIndependentTargetsInParallel = 1;
				LastSwiftUpdateCheck = 1400;
				LastUpgradeCheck = 1400;
				TargetAttributes = {
					CD68F52A287F56CB001781DB = {
						CreatedOnToolsVersion = 14.0;
					};
				};
			};
			buildConfigurationList = CD68F526287F56CB001781DB /* Build configuration list for PBXProject "Telar" */;
			compatibilityVersion = "Xcode 14.0";
			developmentRegion = en;
			hasScannedForEncodings = 0;
			knownRegions = (
				en,
				Base,
			);
			mainGroup = CD68F522287F56CB001781DB;
			packageReferences = (
				CDB12F8928805F6900159B4D /* XCRemoteSwiftPackageReference "firebase-ios-sdk" */,
			);
			productRefGroup = CD68F52C287F56CB001781DB /* Products */;
			projectDirPath = "";
			projectRoot = "";
			targets = (
				CD68F52A287F56CB001781DB /* Telar */,
			);
		};
/* End PBXProject section */

/* Begin PBXResourcesBuildPhase section */
		CD68F529287F56CB001781DB /* Resources */ = {
			isa = PBXResourcesBuildPhase;
			buildActionMask = 2147483647;
			files = (
				CD68F548287F5B59001781DB /* LexendDeca-Regular.ttf in Resources */,
				CD68F547287F5B59001781DB /* LexendDeca-SemiBold.ttf in Resources */,
				CD68F537287F56CD001781DB /* Preview Assets.xcassets in Resources */,
				CD68F533287F56CD001781DB /* Assets.xcassets in Resources */,
				CD68F546287F5B59001781DB /* LexendDeca-Bold.ttf in Resources */,
				CDB12F8828805E3600159B4D /* GoogleService-Info.plist in Resources */,
			);
			runOnlyForDeploymentPostprocessing = 0;
		};
/* End PBXResourcesBuildPhase section */

/* Begin PBXSourcesBuildPhase section */
		CD68F527287F56CB001781DB /* Sources */ = {
			isa = PBXSourcesBuildPhase;
			buildActionMask = 2147483647;
			files = (
				CD928CCE28A455A1005A97A6 /* DatabaseService.swift in Sources */,
				CD5A14A5288596F500EA2C61 /* CreateProfileTextfieldStyle.swift in Sources */,
				CDB12F952880625600159B4D /* AppDelegate.swift in Sources */,
				CDB12F9A2880B10900159B4D /* OnboardingContainerView.swift in Sources */,
				CD928CD028A456A3005A97A6 /* TextHelper.swift in Sources */,
				CDA05DF92881A50B000CF80B /* SyncContactsView.swift in Sources */,
				CDB12F842880508B00159B4D /* CustomTabBar.swift in Sources */,
				CDA05DFB2881ABB4000CF80B /* OnboardingButtonStyle.swift in Sources */,
				CD68F531287F56CB001781DB /* RootView.swift in Sources */,
				CD928CCC28A40992005A97A6 /* User.swift in Sources */,
				CDA05DF12881A4D2000CF80B /* WelcomeView.swift in Sources */,
				CDB12F972880A99A00159B4D /* AuthViewModel.swift in Sources */,
				CDA05DF72881A4F9000CF80B /* CreateProfileView.swift in Sources */,
				CDA05DF32881A4E0000CF80B /* PhoneNumberView.swift in Sources */,
				CD68F54B287F5E0B001781DB /* Fonts.swift in Sources */,
				CDA05DF52881A4EA000CF80B /* VerificationView.swift in Sources */,
				CDAB7615288D4D6300056A23 /* ContactsViewModel.swift in Sources */,
				CD9FB54228A540540056BFBE /* ImagePicker.swift in Sources */,
				CDB12F862880565C00159B4D /* TabBarButton.swift in Sources */,
				CD68F52F287F56CB001781DB /* TelarApp.swift in Sources */,
			);
			runOnlyForDeploymentPostprocessing = 0;
		};
/* End PBXSourcesBuildPhase section */

/* Begin XCBuildConfiguration section */
		CD68F538287F56CD001781DB /* Debug */ = {
			isa = XCBuildConfiguration;
			buildSettings = {
				ALWAYS_SEARCH_USER_PATHS = NO;
				CLANG_ANALYZER_NONNULL = YES;
				CLANG_ANALYZER_NUMBER_OBJECT_CONVERSION = YES_AGGRESSIVE;
				CLANG_CXX_LANGUAGE_STANDARD = "gnu++20";
				CLANG_ENABLE_MODULES = YES;
				CLANG_ENABLE_OBJC_ARC = YES;
				CLANG_ENABLE_OBJC_WEAK = YES;
				CLANG_WARN_BLOCK_CAPTURE_AUTORELEASING = YES;
				CLANG_WARN_BOOL_CONVERSION = YES;
				CLANG_WARN_COMMA = YES;
				CLANG_WARN_CONSTANT_CONVERSION = YES;
				CLANG_WARN_DEPRECATED_OBJC_IMPLEMENTATIONS = YES;
				CLANG_WARN_DIRECT_OBJC_ISA_USAGE = YES_ERROR;
				CLANG_WARN_DOCUMENTATION_COMMENTS = YES;
				CLANG_WARN_EMPTY_BODY = YES;
				CLANG_WARN_ENUM_CONVERSION = YES;
				CLANG_WARN_INFINITE_RECURSION = YES;
				CLANG_WARN_INT_CONVERSION = YES;
				CLANG_WARN_NON_LITERAL_NULL_CONVERSION = YES;
				CLANG_WARN_OBJC_IMPLICIT_RETAIN_SELF = YES;
				CLANG_WARN_OBJC_LITERAL_CONVERSION = YES;
				CLANG_WARN_OBJC_ROOT_CLASS = YES_ERROR;
				CLANG_WARN_QUOTED_INCLUDE_IN_FRAMEWORK_HEADER = YES;
				CLANG_WARN_RANGE_LOOP_ANALYSIS = YES;
				CLANG_WARN_STRICT_PROTOTYPES = YES;
				CLANG_WARN_SUSPICIOUS_MOVE = YES;
				CLANG_WARN_UNGUARDED_AVAILABILITY = YES_AGGRESSIVE;
				CLANG_WARN_UNREACHABLE_CODE = YES;
				CLANG_WARN__DUPLICATE_METHOD_MATCH = YES;
				COPY_PHASE_STRIP = NO;
				DEBUG_INFORMATION_FORMAT = dwarf;
				ENABLE_STRICT_OBJC_MSGSEND = YES;
				ENABLE_TESTABILITY = YES;
				GCC_C_LANGUAGE_STANDARD = gnu11;
				GCC_DYNAMIC_NO_PIC = NO;
				GCC_NO_COMMON_BLOCKS = YES;
				GCC_OPTIMIZATION_LEVEL = 0;
				GCC_PREPROCESSOR_DEFINITIONS = (
					"DEBUG=1",
					"$(inherited)",
				);
				GCC_WARN_64_TO_32_BIT_CONVERSION = YES;
				GCC_WARN_ABOUT_RETURN_TYPE = YES_ERROR;
				GCC_WARN_UNDECLARED_SELECTOR = YES;
				GCC_WARN_UNINITIALIZED_AUTOS = YES_AGGRESSIVE;
				GCC_WARN_UNUSED_FUNCTION = YES;
				GCC_WARN_UNUSED_VARIABLE = YES;
				MTL_ENABLE_DEBUG_INFO = INCLUDE_SOURCE;
				MTL_FAST_MATH = YES;
				ONLY_ACTIVE_ARCH = YES;
				SWIFT_ACTIVE_COMPILATION_CONDITIONS = DEBUG;
				SWIFT_OPTIMIZATION_LEVEL = "-Onone";
			};
			name = Debug;
		};
		CD68F539287F56CD001781DB /* Release */ = {
			isa = XCBuildConfiguration;
			buildSettings = {
				ALWAYS_SEARCH_USER_PATHS = NO;
				CLANG_ANALYZER_NONNULL = YES;
				CLANG_ANALYZER_NUMBER_OBJECT_CONVERSION = YES_AGGRESSIVE;
				CLANG_CXX_LANGUAGE_STANDARD = "gnu++20";
				CLANG_ENABLE_MODULES = YES;
				CLANG_ENABLE_OBJC_ARC = YES;
				CLANG_ENABLE_OBJC_WEAK = YES;
				CLANG_WARN_BLOCK_CAPTURE_AUTORELEASING = YES;
				CLANG_WARN_BOOL_CONVERSION = YES;
				CLANG_WARN_COMMA = YES;
				CLANG_WARN_CONSTANT_CONVERSION = YES;
				CLANG_WARN_DEPRECATED_OBJC_IMPLEMENTATIONS = YES;
				CLANG_WARN_DIRECT_OBJC_ISA_USAGE = YES_ERROR;
				CLANG_WARN_DOCUMENTATION_COMMENTS = YES;
				CLANG_WARN_EMPTY_BODY = YES;
				CLANG_WARN_ENUM_CONVERSION = YES;
				CLANG_WARN_INFINITE_RECURSION = YES;
				CLANG_WARN_INT_CONVERSION = YES;
				CLANG_WARN_NON_LITERAL_NULL_CONVERSION = YES;
				CLANG_WARN_OBJC_IMPLICIT_RETAIN_SELF = YES;
				CLANG_WARN_OBJC_LITERAL_CONVERSION = YES;
				CLANG_WARN_OBJC_ROOT_CLASS = YES_ERROR;
				CLANG_WARN_QUOTED_INCLUDE_IN_FRAMEWORK_HEADER = YES;
				CLANG_WARN_RANGE_LOOP_ANALYSIS = YES;
				CLANG_WARN_STRICT_PROTOTYPES = YES;
				CLANG_WARN_SUSPICIOUS_MOVE = YES;
				CLANG_WARN_UNGUARDED_AVAILABILITY = YES_AGGRESSIVE;
				CLANG_WARN_UNREACHABLE_CODE = YES;
				CLANG_WARN__DUPLICATE_METHOD_MATCH = YES;
				COPY_PHASE_STRIP = NO;
				DEBUG_INFORMATION_FORMAT = "dwarf-with-dsym";
				ENABLE_NS_ASSERTIONS = NO;
				ENABLE_STRICT_OBJC_MSGSEND = YES;
				GCC_C_LANGUAGE_STANDARD = gnu11;
				GCC_NO_COMMON_BLOCKS = YES;
				GCC_WARN_64_TO_32_BIT_CONVERSION = YES;
				GCC_WARN_ABOUT_RETURN_TYPE = YES_ERROR;
				GCC_WARN_UNDECLARED_SELECTOR = YES;
				GCC_WARN_UNINITIALIZED_AUTOS = YES_AGGRESSIVE;
				GCC_WARN_UNUSED_FUNCTION = YES;
				GCC_WARN_UNUSED_VARIABLE = YES;
				MTL_ENABLE_DEBUG_INFO = NO;
				MTL_FAST_MATH = YES;
				SWIFT_COMPILATION_MODE = wholemodule;
				SWIFT_OPTIMIZATION_LEVEL = "-O";
			};
			name = Release;
		};
		CD68F53B287F56CD001781DB /* Debug */ = {
			isa = XCBuildConfiguration;
			buildSettings = {
				ASSETCATALOG_COMPILER_APPICON_NAME = AppIcon;
				ASSETCATALOG_COMPILER_GLOBAL_ACCENT_COLOR_NAME = AccentColor;
				CODE_SIGN_ENTITLEMENTS = Telar/Telar.entitlements;
				CODE_SIGN_STYLE = Automatic;
				CURRENT_PROJECT_VERSION = 1;
				DEVELOPMENT_ASSET_PATHS = "\"Telar/Preview Content\"";
				DEVELOPMENT_TEAM = 72NYN8P4E4;
				ENABLE_HARDENED_RUNTIME = YES;
				ENABLE_PREVIEWS = YES;
				GENERATE_INFOPLIST_FILE = YES;
				INFOPLIST_FILE = Telar/Info.plist;
				INFOPLIST_KEY_CFBundleDisplayName = "DY-Support";
				"INFOPLIST_KEY_UIApplicationSceneManifest_Generation[sdk=iphoneos*]" = YES;
				"INFOPLIST_KEY_UIApplicationSceneManifest_Generation[sdk=iphonesimulator*]" = YES;
				"INFOPLIST_KEY_UIApplicationSupportsIndirectInputEvents[sdk=iphoneos*]" = YES;
				"INFOPLIST_KEY_UIApplicationSupportsIndirectInputEvents[sdk=iphonesimulator*]" = YES;
				"INFOPLIST_KEY_UILaunchScreen_Generation[sdk=iphoneos*]" = YES;
				"INFOPLIST_KEY_UILaunchScreen_Generation[sdk=iphonesimulator*]" = YES;
				INFOPLIST_KEY_UISupportedInterfaceOrientations = UIInterfaceOrientationPortrait;
				INFOPLIST_KEY_UISupportedInterfaceOrientations_iPad = "UIInterfaceOrientationLandscapeLeft UIInterfaceOrientationLandscapeRight UIInterfaceOrientationPortraitUpsideDown";
				IPHONEOS_DEPLOYMENT_TARGET = 16.0;
				LD_RUNPATH_SEARCH_PATHS = "@executable_path/Frameworks";
				"LD_RUNPATH_SEARCH_PATHS[sdk=macosx*]" = "@executable_path/../Frameworks";
				MACOSX_DEPLOYMENT_TARGET = 12.4;
				MARKETING_VERSION = 1.0;
				PRODUCT_BUNDLE_IDENTIFIER = com.romeshsinghabahu.Telar;
				PRODUCT_NAME = "$(TARGET_NAME)";
				SDKROOT = auto;
				SUPPORTED_PLATFORMS = "iphoneos iphonesimulator macosx";
				SWIFT_EMIT_LOC_STRINGS = YES;
				SWIFT_VERSION = 5.0;
				TARGETED_DEVICE_FAMILY = "1,2";
			};
			name = Debug;
		};
		CD68F53C287F56CD001781DB /* Release */ = {
			isa = XCBuildConfiguration;
			buildSettings = {
				ASSETCATALOG_COMPILER_APPICON_NAME = AppIcon;
				ASSETCATALOG_COMPILER_GLOBAL_ACCENT_COLOR_NAME = AccentColor;
				CODE_SIGN_ENTITLEMENTS = Telar/Telar.entitlements;
				CODE_SIGN_STYLE = Automatic;
				CURRENT_PROJECT_VERSION = 1;
				DEVELOPMENT_ASSET_PATHS = "\"Telar/Preview Content\"";
				DEVELOPMENT_TEAM = 72NYN8P4E4;
				ENABLE_HARDENED_RUNTIME = YES;
				ENABLE_PREVIEWS = YES;
				GENERATE_INFOPLIST_FILE = YES;
				INFOPLIST_FILE = Telar/Info.plist;
				INFOPLIST_KEY_CFBundleDisplayName = "DY-Support";
				"INFOPLIST_KEY_UIApplicationSceneManifest_Generation[sdk=iphoneos*]" = YES;
				"INFOPLIST_KEY_UIApplicationSceneManifest_Generation[sdk=iphonesimulator*]" = YES;
				"INFOPLIST_KEY_UIApplicationSupportsIndirectInputEvents[sdk=iphoneos*]" = YES;
				"INFOPLIST_KEY_UIApplicationSupportsIndirectInputEvents[sdk=iphonesimulator*]" = YES;
				"INFOPLIST_KEY_UILaunchScreen_Generation[sdk=iphoneos*]" = YES;
				"INFOPLIST_KEY_UILaunchScreen_Generation[sdk=iphonesimulator*]" = YES;
				INFOPLIST_KEY_UISupportedInterfaceOrientations = UIInterfaceOrientationPortrait;
				INFOPLIST_KEY_UISupportedInterfaceOrientations_iPad = "UIInterfaceOrientationLandscapeLeft UIInterfaceOrientationLandscapeRight UIInterfaceOrientationPortraitUpsideDown";
				IPHONEOS_DEPLOYMENT_TARGET = 16.0;
				LD_RUNPATH_SEARCH_PATHS = "@executable_path/Frameworks";
				"LD_RUNPATH_SEARCH_PATHS[sdk=macosx*]" = "@executable_path/../Frameworks";
				MACOSX_DEPLOYMENT_TARGET = 12.4;
				MARKETING_VERSION = 1.0;
				PRODUCT_BUNDLE_IDENTIFIER = com.romeshsinghabahu.Telar;
				PRODUCT_NAME = "$(TARGET_NAME)";
				SDKROOT = auto;
				SUPPORTED_PLATFORMS = "iphoneos iphonesimulator macosx";
				SWIFT_EMIT_LOC_STRINGS = YES;
				SWIFT_VERSION = 5.0;
				TARGETED_DEVICE_FAMILY = "1,2";
			};
			name = Release;
		};
/* End XCBuildConfiguration section */

/* Begin XCConfigurationList section */
		CD68F526287F56CB001781DB /* Build configuration list for PBXProject "Telar" */ = {
			isa = XCConfigurationList;
			buildConfigurations = (
				CD68F538287F56CD001781DB /* Debug */,
				CD68F539287F56CD001781DB /* Release */,
			);
			defaultConfigurationIsVisible = 0;
			defaultConfigurationName = Release;
		};
		CD68F53A287F56CD001781DB /* Build configuration list for PBXNativeTarget "Telar" */ = {
			isa = XCConfigurationList;
			buildConfigurations = (
				CD68F53B287F56CD001781DB /* Debug */,
				CD68F53C287F56CD001781DB /* Release */,
			);
			defaultConfigurationIsVisible = 0;
			defaultConfigurationName = Release;
		};
/* End XCConfigurationList section */

/* Begin XCRemoteSwiftPackageReference section */
		CDB12F8928805F6900159B4D /* XCRemoteSwiftPackageReference "firebase-ios-sdk" */ = {
			isa = XCRemoteSwiftPackageReference;
			repositoryURL = "https://github.com/firebase/firebase-ios-sdk";
			requirement = {
				kind = upToNextMajorVersion;
				minimumVersion = 9.0.0;
			};
		};
/* End XCRemoteSwiftPackageReference section */

/* Begin XCSwiftPackageProductDependency section */
		CDB12F8A28805F6900159B4D /* FirebaseAnalytics */ = {
			isa = XCSwiftPackageProductDependency;
			package = CDB12F8928805F6900159B4D /* XCRemoteSwiftPackageReference "firebase-ios-sdk" */;
			productName = FirebaseAnalytics;
		};
		CDB12F8C28805F6900159B4D /* FirebaseAuth */ = {
			isa = XCSwiftPackageProductDependency;
			package = CDB12F8928805F6900159B4D /* XCRemoteSwiftPackageReference "firebase-ios-sdk" */;
			productName = FirebaseAuth;
		};
		CDB12F8E28805F6900159B4D /* FirebaseFirestore */ = {
			isa = XCSwiftPackageProductDependency;
			package = CDB12F8928805F6900159B4D /* XCRemoteSwiftPackageReference "firebase-ios-sdk" */;
			productName = FirebaseFirestore;
		};
		CDB12F9028805F6900159B4D /* FirebaseFirestoreSwift */ = {
			isa = XCSwiftPackageProductDependency;
			package = CDB12F8928805F6900159B4D /* XCRemoteSwiftPackageReference "firebase-ios-sdk" */;
			productName = FirebaseFirestoreSwift;
		};
		CDB12F9228805F6900159B4D /* FirebaseStorage */ = {
			isa = XCSwiftPackageProductDependency;
			package = CDB12F8928805F6900159B4D /* XCRemoteSwiftPackageReference "firebase-ios-sdk" */;
			productName = FirebaseStorage;
		};
/* End XCSwiftPackageProductDependency section */
	};
	rootObject = CD68F523287F56CB001781DB /* Project object */;
}
